github.com/tuputech/tupu-go-sdk v0.0.0-20191230084117-97638c652573 h1:uJFL4chaKHSv76WAsEJMjkwsK0eebgQlWH50VGsK7W0=
github.com/tuputech/tupu-go-sdk v0.0.0-20191230084117-97638c652573/go.mod h1:Ls4GQ+gGIqycRm8YfWKzjiFlyrxf/1RLkGmWmYLMUE8=
github.com/tuputech/tupu-go-sdk v0.0.0-20200103155937-7da210b791bc h1:W7yZ/oRVGHbY+DmeiLrCIgUyY7qzq2esEG8bfjdU/8k=
